
Microsoft Visual Studio Solution File, Format Version 12.00
# Visual Studio Version 17
VisualStudioVersion = 17.14.37012.4
MinimumVisualStudioVersion = 10.0.40219.1
Project("{FAE04EC0-301F-11D3-BF4B-00C04F79EFBC}") = "DespreJoc", "Joc\DespreJoc.csproj", "{5B4751F7-215E-2941-A964-124E9B34CF38}"
EndProject
Project("{FAE04EC0-301F-11D3-BF4B-00C04F79EFBC}") = "StocareJocurilor", "StocareJocurilor\StocareJocurilor.csproj", "{84A5424E-180A-5795-562F-CB738487B108}"
EndProject
Project("{FAE04EC0-301F-11D3-BF4B-00C04F79EFBC}") = "WPF", "WPF\WPF.csproj", "{68245C1E-B56E-9570-FC88-BA8BDDA8077B}"
EndProject
Project("{FAE04EC0-301F-11D3-BF4B-00C04F79EFBC}") = "Cautare API", "Cautare API\Cautare API.csproj", "{EB6E8901-1F62-4E61-9B68-080AD095E932}"
EndProject
Global
	GlobalSection(SolutionConfigurationPlatforms) = preSolution
		Debug|Any CPU = Debug|Any CPU
		Release|Any CPU = Release|Any CPU
	EndGlobalSection
	GlobalSection(ProjectConfigurationPlatforms) = postSolution
		{5B4751F7-215E-2941-A964-124E9B34CF38}.Debug|Any CPU.ActiveCfg = Debug|Any CPU
		{5B4751F7-215E-2941-A964-124E9B34CF38}.Debug|Any CPU.Build.0 = Debug|Any CPU
		{5B4751F7-215E-2941-A964-124E9B34CF38}.Release|Any CPU.ActiveCfg = Release|Any CPU
		{5B4751F7-215E-2941-A964-124E9B34CF38}.Release|Any CPU.Build.0 = Release|Any CPU
		{84A5424E-180A-5795-562F-CB738487B108}.Debug|Any CPU.ActiveCfg = Debug|Any CPU
		{84A5424E-180A-5795-562F-CB738487B108}.Debug|Any CPU.Build.0 = Debug|Any CPU
		{84A5424E-180A-5795-562F-CB738487B108}.Release|Any CPU.ActiveCfg = Release|Any CPU
		{84A5424E-180A-5795-562F-CB738487B108}.Release|Any CPU.Build.0 = Release|Any CPU
		{68245C1E-B56E-9570-FC88-BA8BDDA8077B}.Debug|Any CPU.ActiveCfg = Debug|Any CPU
		{68245C1E-B56E-9570-FC88-BA8BDDA8077B}.Debug|Any CPU.Build.0 = Debug|Any CPU
		{68245C1E-B56E-9570-FC88-BA8BDDA8077B}.Release|Any CPU.ActiveCfg = Release|Any CPU
		{68245C1E-B56E-9570-FC88-BA8BDDA8077B}.Release|Any CPU.Build.0 = Release|Any CPU
		{EB6E8901-1F62-4E61-9B68-080AD095E932}.Debug|Any CPU.ActiveCfg = Debug|Any CPU
		{EB6E8901-1F62-4E61-9B68-080AD095E932}.Debug|Any CPU.Build.0 = Debug|Any CPU
		{EB6E8901-1F62-4E61-9B68-080AD095E932}.Release|Any CPU.ActiveCfg = Release|Any CPU
		{EB6E8901-1F62-4E61-9B68-080AD095E932}.Release|Any CPU.Build.0 = Release|Any CPU
	EndGlobalSection
	GlobalSection(SolutionProperties) = preSolution
		HideSolutionNode = FALSE
	EndGlobalSection
	GlobalSection(ExtensibilityGlobals) = postSolution
		SolutionGuid = {787148AB-1DAA-4917-B08F-1C401F42491C}
	EndGlobalSection
EndGlobal
