
Microsoft Visual Studio Solution File, Format Version 12.00
# Visual Studio Version 17
VisualStudioVersion = 17.14.37012.4
MinimumVisualStudioVersion = 10.0.40219.1
Project("{FAE04EC0-301F-11D3-BF4B-00C04F79EFBC}") = "CatalogDeJocuri", "CatalogDeJocuri.csproj", "{2471AA03-68EA-4209-ACE7-EB186F006891}"
EndProject
Project("{FAE04EC0-301F-11D3-BF4B-00C04F79EFBC}") = "DespreJoc", "..\Joc\DespreJoc.csproj", "{858D6279-1349-47DA-97FB-0A9CA6FDC069}"
EndProject
Project("{FAE04EC0-301F-11D3-BF4B-00C04F79EFBC}") = "GestionareaJocurilor", "..\GestionareaJocurilor\GestionareaJocurilor.csproj", "{2495EBE0-016F-443D-B199-C3599DCF8BE9}"
EndProject
Global
	GlobalSection(SolutionConfigurationPlatforms) = preSolution
		Debug|Any CPU = Debug|Any CPU
		Release|Any CPU = Release|Any CPU
	EndGlobalSection
	GlobalSection(ProjectConfigurationPlatforms) = postSolution
		{2471AA03-68EA-4209-ACE7-EB186F006891}.Debug|Any CPU.ActiveCfg = Debug|Any CPU
		{2471AA03-68EA-4209-ACE7-EB186F006891}.Debug|Any CPU.Build.0 = Debug|Any CPU
		{2471AA03-68EA-4209-ACE7-EB186F006891}.Release|Any CPU.ActiveCfg = Release|Any CPU
		{2471AA03-68EA-4209-ACE7-EB186F006891}.Release|Any CPU.Build.0 = Release|Any CPU
		{858D6279-1349-47DA-97FB-0A9CA6FDC069}.Debug|Any CPU.ActiveCfg = Debug|Any CPU
		{858D6279-1349-47DA-97FB-0A9CA6FDC069}.Debug|Any CPU.Build.0 = Debug|Any CPU
		{858D6279-1349-47DA-97FB-0A9CA6FDC069}.Release|Any CPU.ActiveCfg = Release|Any CPU
		{858D6279-1349-47DA-97FB-0A9CA6FDC069}.Release|Any CPU.Build.0 = Release|Any CPU
		{2495EBE0-016F-443D-B199-C3599DCF8BE9}.Debug|Any CPU.ActiveCfg = Debug|Any CPU
		{2495EBE0-016F-443D-B199-C3599DCF8BE9}.Debug|Any CPU.Build.0 = Debug|Any CPU
		{2495EBE0-016F-443D-B199-C3599DCF8BE9}.Release|Any CPU.ActiveCfg = Release|Any CPU
		{2495EBE0-016F-443D-B199-C3599DCF8BE9}.Release|Any CPU.Build.0 = Release|Any CPU
	EndGlobalSection
	GlobalSection(SolutionProperties) = preSolution
		HideSolutionNode = FALSE
	EndGlobalSection
	GlobalSection(ExtensibilityGlobals) = postSolution
		SolutionGuid = {787148AB-1DAA-4917-B08F-1C401F42491C}
	EndGlobalSection
EndGlobal
